
Microsoft Visual Studio Solution File, Format Version 12.00
# Visual Studio Version 16
VisualStudioVersion = 16.0.30517.126
MinimumVisualStudioVersion = 10.0.40219.1
Project("{FAE04EC0-301F-11D3-BF4B-00C04F79EFBC}") = "DTB.DVDCentral.WFUI", "DTB.DVDCentral.WFUI\DTB.DVDCentral.WFUI.csproj", "{4B02DD53-E32A-498A-9AB1-5C0087744AEC}"
EndProject
Project("{FAE04EC0-301F-11D3-BF4B-00C04F79EFBC}") = "DTB.DVDCentral.BL.Models", "DTB.DVDCentral.BL.Models\DTB.DVDCentral.BL.Models.csproj", "{E531D1C1-5511-4E37-8C81-7CCE9AF851BF}"
EndProject
Project("{00D1A9C2-B5F0-4AF3-8072-F6C62B433612}") = "DTB.DVDCentral.BL.DB", "DTB.DVDCentral.BL.DB\DTB.DVDCentral.BL.DB.sqlproj", "{F68E663F-F0A0-47DC-B763-DCA87C0B42B4}"
EndProject
Project("{FAE04EC0-301F-11D3-BF4B-00C04F79EFBC}") = "DTB.DVDCentral.PL", "DTB.DVDCentral.PL\DTB.DVDCentral.PL.csproj", "{8D849257-70FF-4DFF-AC37-E039823EC9A7}"
EndProject
Project("{FAE04EC0-301F-11D3-BF4B-00C04F79EFBC}") = "DTB.DVDCentral.BL", "DTB.DVDCentral.BL\DTB.DVDCentral.BL.csproj", "{3ACE75B4-DB9F-4FF6-82C8-33EF82DDB7AF}"
EndProject
Project("{FAE04EC0-301F-11D3-BF4B-00C04F79EFBC}") = "DTB.DVDCentral.BL.Test", "DTB.DVDCentral.BL.Test\DTB.DVDCentral.BL.Test.csproj", "{CDB4EED4-F71F-4360-87A8-101FA45509D6}"
EndProject
Project("{FAE04EC0-301F-11D3-BF4B-00C04F79EFBC}") = "DTB.DVDCentral.PL.Test", "DTB.DVDCentral.PL.Test\DTB.DVDCentral.PL.Test.csproj", "{54296699-7503-4993-9DFA-20230A7519E7}"
EndProject
Global
	GlobalSection(SolutionConfigurationPlatforms) = preSolution
		Debug|Any CPU = Debug|Any CPU
		Release|Any CPU = Release|Any CPU
	EndGlobalSection
	GlobalSection(ProjectConfigurationPlatforms) = postSolution
		{4B02DD53-E32A-498A-9AB1-5C0087744AEC}.Debug|Any CPU.ActiveCfg = Debug|Any CPU
		{4B02DD53-E32A-498A-9AB1-5C0087744AEC}.Debug|Any CPU.Build.0 = Debug|Any CPU
		{4B02DD53-E32A-498A-9AB1-5C0087744AEC}.Release|Any CPU.ActiveCfg = Release|Any CPU
		{4B02DD53-E32A-498A-9AB1-5C0087744AEC}.Release|Any CPU.Build.0 = Release|Any CPU
		{E531D1C1-5511-4E37-8C81-7CCE9AF851BF}.Debug|Any CPU.ActiveCfg = Debug|Any CPU
		{E531D1C1-5511-4E37-8C81-7CCE9AF851BF}.Debug|Any CPU.Build.0 = Debug|Any CPU
		{E531D1C1-5511-4E37-8C81-7CCE9AF851BF}.Release|Any CPU.ActiveCfg = Release|Any CPU
		{E531D1C1-5511-4E37-8C81-7CCE9AF851BF}.Release|Any CPU.Build.0 = Release|Any CPU
		{F68E663F-F0A0-47DC-B763-DCA87C0B42B4}.Debug|Any CPU.ActiveCfg = Debug|Any CPU
		{F68E663F-F0A0-47DC-B763-DCA87C0B42B4}.Debug|Any CPU.Build.0 = Debug|Any CPU
		{F68E663F-F0A0-47DC-B763-DCA87C0B42B4}.Debug|Any CPU.Deploy.0 = Debug|Any CPU
		{F68E663F-F0A0-47DC-B763-DCA87C0B42B4}.Release|Any CPU.ActiveCfg = Release|Any CPU
		{F68E663F-F0A0-47DC-B763-DCA87C0B42B4}.Release|Any CPU.Build.0 = Release|Any CPU
		{F68E663F-F0A0-47DC-B763-DCA87C0B42B4}.Release|Any CPU.Deploy.0 = Release|Any CPU
		{8D849257-70FF-4DFF-AC37-E039823EC9A7}.Debug|Any CPU.ActiveCfg = Debug|Any CPU
		{8D849257-70FF-4DFF-AC37-E039823EC9A7}.Debug|Any CPU.Build.0 = Debug|Any CPU
		{8D849257-70FF-4DFF-AC37-E039823EC9A7}.Release|Any CPU.ActiveCfg = Release|Any CPU
		{8D849257-70FF-4DFF-AC37-E039823EC9A7}.Release|Any CPU.Build.0 = Release|Any CPU
		{3ACE75B4-DB9F-4FF6-82C8-33EF82DDB7AF}.Debug|Any CPU.ActiveCfg = Debug|Any CPU
		{3ACE75B4-DB9F-4FF6-82C8-33EF82DDB7AF}.Debug|Any CPU.Build.0 = Debug|Any CPU
		{3ACE75B4-DB9F-4FF6-82C8-33EF82DDB7AF}.Release|Any CPU.ActiveCfg = Release|Any CPU
		{3ACE75B4-DB9F-4FF6-82C8-33EF82DDB7AF}.Release|Any CPU.Build.0 = Release|Any CPU
		{CDB4EED4-F71F-4360-87A8-101FA45509D6}.Debug|Any CPU.ActiveCfg = Debug|Any CPU
		{CDB4EED4-F71F-4360-87A8-101FA45509D6}.Debug|Any CPU.Build.0 = Debug|Any CPU
		{CDB4EED4-F71F-4360-87A8-101FA45509D6}.Release|Any CPU.ActiveCfg = Release|Any CPU
		{CDB4EED4-F71F-4360-87A8-101FA45509D6}.Release|Any CPU.Build.0 = Release|Any CPU
		{54296699-7503-4993-9DFA-20230A7519E7}.Debug|Any CPU.ActiveCfg = Debug|Any CPU
		{54296699-7503-4993-9DFA-20230A7519E7}.Debug|Any CPU.Build.0 = Debug|Any CPU
		{54296699-7503-4993-9DFA-20230A7519E7}.Release|Any CPU.ActiveCfg = Release|Any CPU
		{54296699-7503-4993-9DFA-20230A7519E7}.Release|Any CPU.Build.0 = Release|Any CPU
	EndGlobalSection
	GlobalSection(SolutionProperties) = preSolution
		HideSolutionNode = FALSE
	EndGlobalSection
	GlobalSection(ExtensibilityGlobals) = postSolution
		SolutionGuid = {79F0F613-6190-4150-8ED2-AA98CB92EA2C}
	EndGlobalSection
EndGlobal
